// !$*UTF8*$!
{
	archiveVersion = 1;
	classes = {
	};
	objectVersion = 56;
	objects = {

/* Begin PBXBuildFile section */
		BB0001 /* BookScannerApp.swift in Sources */ = {isa = PBXBuildFile; fileRef = BB0002 /* BookScannerApp.swift */; };
		BB0003 /* ContentView.swift in Sources */ = {isa = PBXBuildFile; fileRef = BB0004 /* ContentView.swift */; };
		BB0005 /* Book.swift in Sources */ = {isa = PBXBuildFile; fileRef = BB0006 /* Book.swift */; };
		BB0007 /* AuthenticationView.swift in Sources */ = {isa = PBXBuildFile; fileRef = BB0008 /* AuthenticationView.swift */; };
		BB0009 /* CameraView.swift in Sources */ = {isa = PBXBuildFile; fileRef = BB0010 /* CameraView.swift */; };
		BB0011 /* BookListView.swift in Sources */ = {isa = PBXBuildFile; fileRef = BB0012 /* BookListView.swift */; };
		BB0013 /* BookDetailView.swift in Sources */ = {isa = PBXBuildFile; fileRef = BB0014 /* BookDetailView.swift */; };
		BB0015 /* ExportView.swift in Sources */ = {isa = PBXBuildFile; fileRef = BB0016 /* ExportView.swift */; };
		BB0017 /* SettingsView.swift in Sources */ = {isa = PBXBuildFile; fileRef = BB0018 /* SettingsView.swift */; };
		BB0019 /* ComparisonView.swift in Sources */ = {isa = PBXBuildFile; fileRef = BB0020 /* ComparisonView.swift */; };
		BB0021 /* OCRService.swift in Sources */ = {isa = PBXBuildFile; fileRef = BB0022 /* OCRService.swift */; };
		BB0023 /* AIService.swift in Sources */ = {isa = PBXBuildFile; fileRef = BB0024 /* AIService.swift */; };
		BB0025 /* CSVExportService.swift in Sources */ = {isa = PBXBuildFile; fileRef = BB0026 /* CSVExportService.swift */; };
		BB0027 /* AmazonService.swift in Sources */ = {isa = PBXBuildFile; fileRef = BB0028 /* AmazonService.swift */; };
		BB0029 /* AmazonLookupService.swift in Sources */ = {isa = PBXBuildFile; fileRef = BB0030 /* AmazonLookupService.swift */; };
		BB0031 /* Assets.xcassets in Resources */ = {isa = PBXBuildFile; fileRef = BB0032 /* Assets.xcassets */; };
		BB0053 /* TestScanView.swift in Sources */ = {isa = PBXBuildFile; fileRef = BB0054 /* TestScanView.swift */; };
		BB0055 /* AddBookView.swift in Sources */ = {isa = PBXBuildFile; fileRef = BB0056 /* AddBookView.swift */; };
		BB0057 /* Logger.swift in Sources */ = {isa = PBXBuildFile; fileRef = BB0058 /* Logger.swift */; };
		BB0059 /* AppError.swift in Sources */ = {isa = PBXBuildFile; fileRef = BB0060 /* AppError.swift */; };
		BB0061 /* AppConfiguration.swift in Sources */ = {isa = PBXBuildFile; fileRef = BB0062 /* AppConfiguration.swift */; };
		BB0063 /* ImageCache.swift in Sources */ = {isa = PBXBuildFile; fileRef = BB0064 /* ImageCache.swift */; };
		BB0065 /* DependencyContainer.swift in Sources */ = {isa = PBXBuildFile; fileRef = BB0066 /* DependencyContainer.swift */; };
		BB0067 /* BackgroundTaskManager.swift in Sources */ = {isa = PBXBuildFile; fileRef = BB0068 /* BackgroundTaskManager.swift */; };
		BB0069 /* RetryManager.swift in Sources */ = {isa = PBXBuildFile; fileRef = BB0070 /* RetryManager.swift */; };
		BB0071 /* LocalizedStrings.swift in Sources */ = {isa = PBXBuildFile; fileRef = BB0072 /* LocalizedStrings.swift */; };
		BB0073 /* Accessibility.swift in Sources */ = {isa = PBXBuildFile; fileRef = BB0074 /* Accessibility.swift */; };
		BB0076 /* TestSuiteView.swift in Sources */ = {isa = PBXBuildFile; fileRef = BB0077 /* TestSuiteView.swift */; };
		BB0078 /* BulkEditView.swift in Sources */ = {isa = PBXBuildFile; fileRef = BB0079 /* BulkEditView.swift */; };
/* End PBXBuildFile section */

/* Begin PBXFileReference section */
		BB0002 /* BookScannerApp.swift */ = {isa = PBXFileReference; lastKnownFileType = sourcecode.swift; path = BookScannerApp.swift; sourceTree = "<group>"; };
		BB0004 /* ContentView.swift */ = {isa = PBXFileReference; lastKnownFileType = sourcecode.swift; path = ContentView.swift; sourceTree = "<group>"; };
		BB0006 /* Book.swift */ = {isa = PBXFileReference; lastKnownFileType = sourcecode.swift; path = Book.swift; sourceTree = "<group>"; };
		BB0008 /* AuthenticationView.swift */ = {isa = PBXFileReference; lastKnownFileType = sourcecode.swift; path = AuthenticationView.swift; sourceTree = "<group>"; };
		BB0010 /* CameraView.swift */ = {isa = PBXFileReference; lastKnownFileType = sourcecode.swift; path = CameraView.swift; sourceTree = "<group>"; };
		BB0012 /* BookListView.swift */ = {isa = PBXFileReference; lastKnownFileType = sourcecode.swift; path = BookListView.swift; sourceTree = "<group>"; };
		BB0014 /* BookDetailView.swift */ = {isa = PBXFileReference; lastKnownFileType = sourcecode.swift; path = BookDetailView.swift; sourceTree = "<group>"; };
		BB0016 /* ExportView.swift */ = {isa = PBXFileReference; lastKnownFileType = sourcecode.swift; path = ExportView.swift; sourceTree = "<group>"; };
		BB0018 /* SettingsView.swift */ = {isa = PBXFileReference; lastKnownFileType = sourcecode.swift; path = SettingsView.swift; sourceTree = "<group>"; };
		BB0020 /* ComparisonView.swift */ = {isa = PBXFileReference; lastKnownFileType = sourcecode.swift; path = ComparisonView.swift; sourceTree = "<group>"; };
		BB0022 /* OCRService.swift */ = {isa = PBXFileReference; lastKnownFileType = sourcecode.swift; path = OCRService.swift; sourceTree = "<group>"; };
		BB0024 /* AIService.swift */ = {isa = PBXFileReference; lastKnownFileType = sourcecode.swift; path = AIService.swift; sourceTree = "<group>"; };
		BB0026 /* CSVExportService.swift */ = {isa = PBXFileReference; lastKnownFileType = sourcecode.swift; path = CSVExportService.swift; sourceTree = "<group>"; };
		BB0028 /* AmazonService.swift */ = {isa = PBXFileReference; lastKnownFileType = sourcecode.swift; path = AmazonService.swift; sourceTree = "<group>"; };
		BB0030 /* AmazonLookupService.swift */ = {isa = PBXFileReference; lastKnownFileType = sourcecode.swift; path = AmazonLookupService.swift; sourceTree = "<group>"; };
		BB0032 /* Assets.xcassets */ = {isa = PBXFileReference; lastKnownFileType = folder.assetcatalog; path = Assets.xcassets; sourceTree = "<group>"; };
		BB0033 /* BookScanner.app */ = {isa = PBXFileReference; explicitFileType = wrapper.application; includeInIndex = 0; path = BookScanner.app; sourceTree = BUILT_PRODUCTS_DIR; };
		BB0034 /* BookScanner.entitlements */ = {isa = PBXFileReference; lastKnownFileType = text.plist.entitlements; path = BookScanner.entitlements; sourceTree = "<group>"; };
		BB0035 /* Info.plist */ = {isa = PBXFileReference; lastKnownFileType = text.plist.xml; path = Info.plist; sourceTree = "<group>"; };
		BB0054 /* TestScanView.swift */ = {isa = PBXFileReference; lastKnownFileType = sourcecode.swift; path = TestScanView.swift; sourceTree = "<group>"; };
		BB0056 /* AddBookView.swift */ = {isa = PBXFileReference; lastKnownFileType = sourcecode.swift; path = AddBookView.swift; sourceTree = "<group>"; };
		BB0058 /* Logger.swift */ = {isa = PBXFileReference; lastKnownFileType = sourcecode.swift; path = Logger.swift; sourceTree = "<group>"; };
		BB0060 /* AppError.swift */ = {isa = PBXFileReference; lastKnownFileType = sourcecode.swift; path = AppError.swift; sourceTree = "<group>"; };
		BB0062 /* AppConfiguration.swift */ = {isa = PBXFileReference; lastKnownFileType = sourcecode.swift; path = AppConfiguration.swift; sourceTree = "<group>"; };
		BB0064 /* ImageCache.swift */ = {isa = PBXFileReference; lastKnownFileType = sourcecode.swift; path = ImageCache.swift; sourceTree = "<group>"; };
		BB0066 /* DependencyContainer.swift */ = {isa = PBXFileReference; lastKnownFileType = sourcecode.swift; path = DependencyContainer.swift; sourceTree = "<group>"; };
		BB0068 /* BackgroundTaskManager.swift */ = {isa = PBXFileReference; lastKnownFileType = sourcecode.swift; path = BackgroundTaskManager.swift; sourceTree = "<group>"; };
		BB0070 /* RetryManager.swift */ = {isa = PBXFileReference; lastKnownFileType = sourcecode.swift; path = RetryManager.swift; sourceTree = "<group>"; };
		BB0072 /* LocalizedStrings.swift */ = {isa = PBXFileReference; lastKnownFileType = sourcecode.swift; path = LocalizedStrings.swift; sourceTree = "<group>"; };
		BB0074 /* Accessibility.swift */ = {isa = PBXFileReference; lastKnownFileType = sourcecode.swift; path = Accessibility.swift; sourceTree = "<group>"; };
		BB0077 /* TestSuiteView.swift */ = {isa = PBXFileReference; lastKnownFileType = sourcecode.swift; path = TestSuiteView.swift; sourceTree = "<group>"; };
		BB0079 /* BulkEditView.swift */ = {isa = PBXFileReference; lastKnownFileType = sourcecode.swift; path = BulkEditView.swift; sourceTree = "<group>"; };
/* End PBXFileReference section */

/* Begin PBXFrameworksBuildPhase section */
		BB0036 /* Frameworks */ = {
			isa = PBXFrameworksBuildPhase;
			buildActionMask = 2147483647;
			files = (
			);
			runOnlyForDeploymentPostprocessing = 0;
		};
/* End PBXFrameworksBuildPhase section */

/* Begin PBXGroup section */
		BB0037 = {
			isa = PBXGroup;
			children = (
				BB0038 /* BookScanner */,
				BB0039 /* Products */,
			);
			sourceTree = "<group>";
		};
		BB0038 /* BookScanner */ = {
			isa = PBXGroup;
			children = (
				BB0002 /* BookScannerApp.swift */,
				BB0004 /* ContentView.swift */,
				BB0040 /* Models */,
				BB0041 /* Views */,
				BB0042 /* Services */,
				BB0075 /* Core */,
				BB0032 /* Assets.xcassets */,
				BB0034 /* BookScanner.entitlements */,
				BB0035 /* Info.plist */,
			);
			path = BookScanner;
			sourceTree = "<group>";
		};
		BB0039 /* Products */ = {
			isa = PBXGroup;
			children = (
				BB0033 /* BookScanner.app */,
			);
			name = Products;
			sourceTree = "<group>";
		};
		BB0040 /* Models */ = {
			isa = PBXGroup;
			children = (
				BB0006 /* Book.swift */,
			);
			path = Models;
			sourceTree = "<group>";
		};
		BB0041 /* Views */ = {
			isa = PBXGroup;
			children = (
				BB0008 /* AuthenticationView.swift */,
				BB0010 /* CameraView.swift */,
				BB0012 /* BookListView.swift */,
				BB0014 /* BookDetailView.swift */,
				BB0016 /* ExportView.swift */,
				BB0018 /* SettingsView.swift */,
				BB0020 /* ComparisonView.swift */,
				BB0054 /* TestScanView.swift */,
				BB0077 /* TestSuiteView.swift */,
				BB0056 /* AddBookView.swift */,
				BB0079 /* BulkEditView.swift */,
			);
			path = Views;
			sourceTree = "<group>";
		};
		BB0042 /* Services */ = {
			isa = PBXGroup;
			children = (
				BB0022 /* OCRService.swift */,
				BB0024 /* AIService.swift */,
				BB0026 /* CSVExportService.swift */,
				BB0028 /* AmazonService.swift */,
				BB0030 /* AmazonLookupService.swift */,
			);
			path = Services;
			sourceTree = "<group>";
		};
		BB0075 /* Core */ = {
			isa = PBXGroup;
			children = (
				BB0058 /* Logger.swift */,
				BB0060 /* AppError.swift */,
				BB0062 /* AppConfiguration.swift */,
				BB0064 /* ImageCache.swift */,
				BB0066 /* DependencyContainer.swift */,
				BB0068 /* BackgroundTaskManager.swift */,
				BB0070 /* RetryManager.swift */,
				BB0072 /* LocalizedStrings.swift */,
				BB0074 /* Accessibility.swift */,
			);
			path = Core;
			sourceTree = "<group>";
		};
/* End PBXGroup section */

/* Begin PBXNativeTarget section */
		BB0043 /* BookScanner */ = {
			isa = PBXNativeTarget;
			buildConfigurationList = BB0044 /* Build configuration list for PBXNativeTarget "BookScanner" */;
			buildPhases = (
				BB0045 /* Sources */,
				BB0036 /* Frameworks */,
				BB0046 /* Resources */,
			);
			buildRules = (
			);
			dependencies = (
			);
			name = BookScanner;
			productName = BookScanner;
			productReference = BB0033 /* BookScanner.app */;
			productType = "com.apple.product-type.application";
		};
/* End PBXNativeTarget section */

/* Begin PBXProject section */
		BB0047 /* Project object */ = {
			isa = PBXProject;
			attributes = {
				BuildIndependentTargetsInParallel = 1;
				LastSwiftUpdateCheck = 1500;
				LastUpgradeCheck = 1500;
			};
			buildConfigurationList = BB0048 /* Build configuration list for PBXProject "BookScanner" */;
			compatibilityVersion = "Xcode 14.0";
			developmentRegion = en;
			hasScannedForEncodings = 0;
			knownRegions = (
				en,
				Base,
			);
			mainGroup = BB0037;
			productRefGroup = BB0039 /* Products */;
			projectDirPath = "";
			projectRoot = "";
			targets = (
				BB0043 /* BookScanner */,
			);
		};
/* End PBXProject section */

/* Begin PBXResourcesBuildPhase section */
		BB0046 /* Resources */ = {
			isa = PBXResourcesBuildPhase;
			buildActionMask = 2147483647;
			files = (
				BB0031 /* Assets.xcassets in Resources */,
			);
			runOnlyForDeploymentPostprocessing = 0;
		};
/* End PBXResourcesBuildPhase section */

/* Begin PBXSourcesBuildPhase section */
		BB0045 /* Sources */ = {
			isa = PBXSourcesBuildPhase;
			buildActionMask = 2147483647;
			files = (
				BB0001 /* BookScannerApp.swift in Sources */,
				BB0003 /* ContentView.swift in Sources */,
				BB0005 /* Book.swift in Sources */,
				BB0007 /* AuthenticationView.swift in Sources */,
				BB0009 /* CameraView.swift in Sources */,
				BB0011 /* BookListView.swift in Sources */,
				BB0013 /* BookDetailView.swift in Sources */,
				BB0015 /* ExportView.swift in Sources */,
				BB0017 /* SettingsView.swift in Sources */,
				BB0019 /* ComparisonView.swift in Sources */,
				BB0053 /* TestScanView.swift in Sources */,
				BB0076 /* TestSuiteView.swift in Sources */,
				BB0055 /* AddBookView.swift in Sources */,
				BB0078 /* BulkEditView.swift in Sources */,
				BB0057 /* Logger.swift in Sources */,
				BB0059 /* AppError.swift in Sources */,
				BB0061 /* AppConfiguration.swift in Sources */,
				BB0063 /* ImageCache.swift in Sources */,
				BB0065 /* DependencyContainer.swift in Sources */,
				BB0067 /* BackgroundTaskManager.swift in Sources */,
				BB0069 /* RetryManager.swift in Sources */,
				BB0071 /* LocalizedStrings.swift in Sources */,
				BB0073 /* Accessibility.swift in Sources */,
				BB0021 /* OCRService.swift in Sources */,
				BB0023 /* AIService.swift in Sources */,
				BB0025 /* CSVExportService.swift in Sources */,
				BB0027 /* AmazonService.swift in Sources */,
				BB0029 /* AmazonLookupService.swift in Sources */,
			);
			runOnlyForDeploymentPostprocessing = 0;
		};
/* End PBXSourcesBuildPhase section */

/* Begin XCBuildConfiguration section */
		BB0049 /* Debug */ = {
			isa = XCBuildConfiguration;
			buildSettings = {
				ALWAYS_SEARCH_USER_PATHS = NO;
				ASSETCATALOG_COMPILER_GENERATE_SWIFT_ASSET_SYMBOL_EXTENSIONS = YES;
				CLANG_ANALYZER_NONNULL = YES;
				CLANG_ANALYZER_NUMBER_OBJECT_CONVERSION = YES_AGGRESSIVE;
				CLANG_CXX_LANGUAGE_STANDARD = "gnu++20";
				CLANG_ENABLE_MODULES = YES;
				CLANG_ENABLE_OBJC_ARC = YES;
				CLANG_ENABLE_OBJC_WEAK = YES;
				CLANG_WARN_BLOCK_CAPTURE_AUTORELEASING = YES;
				CLANG_WARN_BOOL_CONVERSION = YES;
				CLANG_WARN_COMMA = YES;
				CLANG_WARN_CONSTANT_CONVERSION = YES;
				CLANG_WARN_DEPRECATED_OBJC_IMPLEMENTATIONS = YES;
				CLANG_WARN_DIRECT_OBJC_ISA_USAGE = YES_ERROR;
				CLANG_WARN_DOCUMENTATION_COMMENTS = YES;
				CLANG_WARN_EMPTY_BODY = YES;
				CLANG_WARN_ENUM_CONVERSION = YES;
				CLANG_WARN_INFINITE_RECURSION = YES;
				CLANG_WARN_INT_CONVERSION = YES;
				CLANG_WARN_NON_LITERAL_NULL_CONVERSION = YES;
				CLANG_WARN_OBJC_IMPLICIT_RETAIN_SELF = YES;
				CLANG_WARN_OBJC_LITERAL_CONVERSION = YES;
				CLANG_WARN_OBJC_ROOT_CLASS = YES_ERROR;
				CLANG_WARN_QUOTED_INCLUDE_IN_FRAMEWORK_HEADER = YES;
				CLANG_WARN_RANGE_LOOP_ANALYSIS = YES;
				CLANG_WARN_STRICT_PROTOTYPES = YES;
				CLANG_WARN_SUSPICIOUS_MOVE = YES;
				CLANG_WARN_UNGUARDED_AVAILABILITY = YES_AGGRESSIVE;
				CLANG_WARN_UNREACHABLE_CODE = YES;
				CLANG_WARN__DUPLICATE_METHOD_MATCH = YES;
				COPY_PHASE_STRIP = NO;
				DEBUG_INFORMATION_FORMAT = dwarf;
				ENABLE_STRICT_OBJC_MSGSEND = YES;
				ENABLE_TESTABILITY = YES;
				ENABLE_USER_SCRIPT_SANDBOXING = YES;
				GCC_C_LANGUAGE_STANDARD = gnu17;
				GCC_DYNAMIC_NO_PIC = NO;
				GCC_NO_COMMON_BLOCKS = YES;
				GCC_OPTIMIZATION_LEVEL = 0;
				GCC_PREPROCESSOR_DEFINITIONS = (
					"DEBUG=1",
					"$(inherited)",
				);
				GCC_WARN_64_BIT_TO_32_BIT_CONVERSION = YES;
				GCC_WARN_ABOUT_RETURN_TYPE = YES_ERROR;
				GCC_WARN_UNDECLARED_SELECTOR = YES;
				GCC_WARN_UNINITIALIZED_AUTOS = YES_AGGRESSIVE;
				GCC_WARN_UNUSED_FUNCTION = YES;
				GCC_WARN_UNUSED_VARIABLE = YES;
				LOCALIZATION_PREFERS_STRING_CATALOGS = YES;
				MTL_ENABLE_DEBUG_INFO = INCLUDE_SOURCE;
				MTL_FAST_MATH = YES;
				ONLY_ACTIVE_ARCH = YES;
				SDKROOT = iphoneos;
				SWIFT_ACTIVE_COMPILATION_CONDITIONS = "DEBUG $(inherited)";
				SWIFT_OPTIMIZATION_LEVEL = "-Onone";
			};
			name = Debug;
		};
		BB0050 /* Release */ = {
			isa = XCBuildConfiguration;
			buildSettings = {
				ALWAYS_SEARCH_USER_PATHS = NO;
				ASSETCATALOG_COMPILER_GENERATE_SWIFT_ASSET_SYMBOL_EXTENSIONS = YES;
				CLANG_ANALYZER_NONNULL = YES;
				CLANG_ANALYZER_NUMBER_OBJECT_CONVERSION = YES_AGGRESSIVE;
				CLANG_CXX_LANGUAGE_STANDARD = "gnu++20";
				CLANG_ENABLE_MODULES = YES;
				CLANG_ENABLE_OBJC_ARC = YES;
				CLANG_ENABLE_OBJC_WEAK = YES;
				CLANG_WARN_BLOCK_CAPTURE_AUTORELEASING = YES;
				CLANG_WARN_BOOL_CONVERSION = YES;
				CLANG_WARN_COMMA = YES;
				CLANG_WARN_CONSTANT_CONVERSION = YES;
				CLANG_WARN_DEPRECATED_OBJC_IMPLEMENTATIONS = YES;
				CLANG_WARN_DIRECT_OBJC_ISA_USAGE = YES_ERROR;
				CLANG_WARN_DOCUMENTATION_COMMENTS = YES;
				CLANG_WARN_EMPTY_BODY = YES;
				CLANG_WARN_ENUM_CONVERSION = YES;
				CLANG_WARN_INFINITE_RECURSION = YES;
				CLANG_WARN_INT_CONVERSION = YES;
				CLANG_WARN_NON_LITERAL_NULL_CONVERSION = YES;
				CLANG_WARN_OBJC_IMPLICIT_RETAIN_SELF = YES;
				CLANG_WARN_OBJC_LITERAL_CONVERSION = YES;
				CLANG_WARN_OBJC_ROOT_CLASS = YES_ERROR;
				CLANG_WARN_QUOTED_INCLUDE_IN_FRAMEWORK_HEADER = YES;
				CLANG_WARN_RANGE_LOOP_ANALYSIS = YES;
				CLANG_WARN_STRICT_PROTOTYPES = YES;
				CLANG_WARN_SUSPICIOUS_MOVE = YES;
				CLANG_WARN_UNGUARDED_AVAILABILITY = YES_AGGRESSIVE;
				CLANG_WARN_UNREACHABLE_CODE = YES;
				CLANG_WARN__DUPLICATE_METHOD_MATCH = YES;
				COPY_PHASE_STRIP = NO;
				DEBUG_INFORMATION_FORMAT = "dwarf-with-dsym";
				ENABLE_NS_ASSERTIONS = NO;
				ENABLE_STRICT_OBJC_MSGSEND = YES;
				ENABLE_USER_SCRIPT_SANDBOXING = YES;
				GCC_C_LANGUAGE_STANDARD = gnu17;
				GCC_NO_COMMON_BLOCKS = YES;
				GCC_WARN_64_BIT_TO_32_BIT_CONVERSION = YES;
				GCC_WARN_ABOUT_RETURN_TYPE = YES_ERROR;
				GCC_WARN_UNDECLARED_SELECTOR = YES;
				GCC_WARN_UNINITIALIZED_AUTOS = YES_AGGRESSIVE;
				GCC_WARN_UNUSED_FUNCTION = YES;
				GCC_WARN_UNUSED_VARIABLE = YES;
				LOCALIZATION_PREFERS_STRING_CATALOGS = YES;
				MTL_ENABLE_DEBUG_INFO = NO;
				MTL_FAST_MATH = YES;
				SDKROOT = iphoneos;
				SWIFT_COMPILATION_MODE = wholemodule;
				VALIDATE_PRODUCT = YES;
			};
			name = Release;
		};
		BB0051 /* Debug */ = {
			isa = XCBuildConfiguration;
			buildSettings = {
				ASSETCATALOG_COMPILER_APPICON_NAME = AppIcon;
				ASSETCATALOG_COMPILER_GLOBAL_ACCENT_COLOR_NAME = AccentColor;
				CODE_SIGN_ENTITLEMENTS = BookScanner/BookScanner.entitlements;
				CODE_SIGN_STYLE = Automatic;
				CURRENT_PROJECT_VERSION = 1;
				DEVELOPMENT_ASSET_PATHS = "";
				DEVELOPMENT_TEAM = LVK5C2V4J8;
				ENABLE_PREVIEWS = YES;
				GENERATE_INFOPLIST_FILE = YES;
				INFOPLIST_FILE = BookScanner/Info.plist;
				INFOPLIST_KEY_NSHumanReadableCopyright = "";
				INFOPLIST_KEY_UIApplicationSceneManifest_Generation = YES;
				INFOPLIST_KEY_UIApplicationSupportsIndirectInputEvents = YES;
				INFOPLIST_KEY_UILaunchScreen_Generation = YES;
				INFOPLIST_KEY_UISupportedInterfaceOrientations = "UIInterfaceOrientationLandscapeLeft UIInterfaceOrientationLandscapeRight UIInterfaceOrientationPortrait UIInterfaceOrientationPortraitUpsideDown";
				INFOPLIST_KEY_UISupportedInterfaceOrientations_iPad = "UIInterfaceOrientationPortrait UIInterfaceOrientationPortraitUpsideDown UIInterfaceOrientationLandscapeLeft UIInterfaceOrientationLandscapeRight";
				INFOPLIST_KEY_UISupportedInterfaceOrientations_iPhone = "UIInterfaceOrientationLandscapeLeft UIInterfaceOrientationLandscapeRight UIInterfaceOrientationPortrait UIInterfaceOrientationPortraitUpsideDown";
				LD_RUNPATH_SEARCH_PATHS = (
					"$(inherited)",
					"@executable_path/Frameworks",
				);
				MARKETING_VERSION = 1.1;
				PRODUCT_BUNDLE_IDENTIFIER = com.danielhorn.bookscanner;
				PRODUCT_NAME = "$(TARGET_NAME)";
				SDKROOT = iphoneos;
				SUPPORTED_PLATFORMS = "iphoneos iphonesimulator macosx";
				SUPPORTS_MACCATALYST = YES;
				SUPPORTS_MAC_DESKTOP = YES;
				SUPPORTS_MULTIPLE_DESTINATIONS = YES;
				SWIFT_EMIT_LOC_STRINGS = YES;
				SWIFT_VERSION = 5.0;
				TARGETED_DEVICE_FAMILY = "1,2";
			};
			name = Debug;
		};
		BB0052 /* Release */ = {
			isa = XCBuildConfiguration;
			buildSettings = {
				ASSETCATALOG_COMPILER_APPICON_NAME = AppIcon;
				ASSETCATALOG_COMPILER_GLOBAL_ACCENT_COLOR_NAME = AccentColor;
				CODE_SIGN_ENTITLEMENTS = BookScanner/BookScanner.entitlements;
				CODE_SIGN_STYLE = Automatic;
				CURRENT_PROJECT_VERSION = 1;
				DEVELOPMENT_ASSET_PATHS = "";
				DEVELOPMENT_TEAM = LVK5C2V4J8;
				ENABLE_PREVIEWS = YES;
				GENERATE_INFOPLIST_FILE = YES;
				INFOPLIST_FILE = BookScanner/Info.plist;
				INFOPLIST_KEY_NSHumanReadableCopyright = "";
				INFOPLIST_KEY_UIApplicationSceneManifest_Generation = YES;
				INFOPLIST_KEY_UIApplicationSupportsIndirectInputEvents = YES;
				INFOPLIST_KEY_UILaunchScreen_Generation = YES;
				INFOPLIST_KEY_UISupportedInterfaceOrientations = "UIInterfaceOrientationLandscapeLeft UIInterfaceOrientationLandscapeRight UIInterfaceOrientationPortrait UIInterfaceOrientationPortraitUpsideDown";
				INFOPLIST_KEY_UISupportedInterfaceOrientations_iPad = "UIInterfaceOrientationPortrait UIInterfaceOrientationPortraitUpsideDown UIInterfaceOrientationLandscapeLeft UIInterfaceOrientationLandscapeRight";
				INFOPLIST_KEY_UISupportedInterfaceOrientations_iPhone = "UIInterfaceOrientationLandscapeLeft UIInterfaceOrientationLandscapeRight UIInterfaceOrientationPortrait UIInterfaceOrientationPortraitUpsideDown";
				LD_RUNPATH_SEARCH_PATHS = (
					"$(inherited)",
					"@executable_path/Frameworks",
				);
				MARKETING_VERSION = 1.1;
				PRODUCT_BUNDLE_IDENTIFIER = com.danielhorn.bookscanner;
				PRODUCT_NAME = "$(TARGET_NAME)";
				SDKROOT = iphoneos;
				SUPPORTED_PLATFORMS = "iphoneos iphonesimulator macosx";
				SUPPORTS_MACCATALYST = YES;
				SUPPORTS_MAC_DESKTOP = YES;
				SUPPORTS_MULTIPLE_DESTINATIONS = YES;
				SWIFT_EMIT_LOC_STRINGS = YES;
				SWIFT_VERSION = 5.0;
				TARGETED_DEVICE_FAMILY = "1,2";
			};
			name = Release;
		};
/* End XCBuildConfiguration section */

/* Begin XCConfigurationList section */
		BB0044 /* Build configuration list for PBXNativeTarget "BookScanner" */ = {
			isa = XCConfigurationList;
			buildConfigurations = (
				BB0051 /* Debug */,
				BB0052 /* Release */,
			);
			defaultConfigurationIsVisible = 0;
			defaultConfigurationName = Release;
		};
		BB0048 /* Build configuration list for PBXProject "BookScanner" */ = {
			isa = XCConfigurationList;
			buildConfigurations = (
				BB0049 /* Debug */,
				BB0050 /* Release */,
			);
			defaultConfigurationIsVisible = 0;
			defaultConfigurationName = Release;
		};
/* End XCConfigurationList section */
	};
	rootObject = BB0047 /* Project object */;
}
